// !$*UTF8*$!
{
	archiveVersion = 1;
	classes = {
	};
	objectVersion = 46;
	objects = {

/* Begin PBXBuildFile section */
		C12C53FD1D910AC900077CAE /* ReContainerView.m in Sources */ = {isa = PBXBuildFile; fileRef = C12C53FC1D910AC900077CAE /* ReContainerView.m */; };
		C18AB16C1D90D09F0086407F /* main.m in Sources */ = {isa = PBXBuildFile; fileRef = C18AB16B1D90D09F0086407F /* main.m */; };
		C18AB16F1D90D09F0086407F /* AppDelegate.m in Sources */ = {isa = PBXBuildFile; fileRef = C18AB16E1D90D09F0086407F /* AppDelegate.m */; };
		C18AB1721D90D09F0086407F /* ViewController.m in Sources */ = {isa = PBXBuildFile; fileRef = C18AB1711D90D09F0086407F /* ViewController.m */; };
		C18AB1751D90D09F0086407F /* Main.storyboard in Resources */ = {isa = PBXBuildFile; fileRef = C18AB1731D90D09F0086407F /* Main.storyboard */; };
		C18AB1771D90D09F0086407F /* Assets.xcassets in Resources */ = {isa = PBXBuildFile; fileRef = C18AB1761D90D09F0086407F /* Assets.xcassets */; };
		C18AB17A1D90D09F0086407F /* LaunchScreen.storyboard in Resources */ = {isa = PBXBuildFile; fileRef = C18AB1781D90D09F0086407F /* LaunchScreen.storyboard */; };
		C18AB1861D90D15B0086407F /* ReBaseView.m in Sources */ = {isa = PBXBuildFile; fileRef = C18AB1851D90D15B0086407F /* ReBaseView.m */; };
		C18AB1891D90D1680086407F /* ReBaseViewController.m in Sources */ = {isa = PBXBuildFile; fileRef = C18AB1881D90D1680086407F /* ReBaseViewController.m */; };
		C18AB18C1D90D1790086407F /* ReBlockView.m in Sources */ = {isa = PBXBuildFile; fileRef = C18AB18B1D90D1790086407F /* ReBlockView.m */; };
		C1F1EEAF1D936B5C002D7DCD /* ReRunViewController.m in Sources */ = {isa = PBXBuildFile; fileRef = C1F1EEAE1D936B5C002D7DCD /* ReRunViewController.m */; };
/* End PBXBuildFile section */

/* Begin PBXFileReference section */
		C12C53FB1D910AC900077CAE /* ReContainerView.h */ = {isa = PBXFileReference; fileEncoding = 4; lastKnownFileType = sourcecode.c.h; path = ReContainerView.h; sourceTree = "<group>"; };
		C12C53FC1D910AC900077CAE /* ReContainerView.m */ = {isa = PBXFileReference; fileEncoding = 4; lastKnownFileType = sourcecode.c.objc; path = ReContainerView.m; sourceTree = "<group>"; };
		C18AB1671D90D09F0086407F /* ReFraction.app */ = {isa = PBXFileReference; explicitFileType = wrapper.application; includeInIndex = 0; path = ReFraction.app; sourceTree = BUILT_PRODUCTS_DIR; };
		C18AB16B1D90D09F0086407F /* main.m */ = {isa = PBXFileReference; lastKnownFileType = sourcecode.c.objc; path = main.m; sourceTree = "<group>"; };
		C18AB16D1D90D09F0086407F /* AppDelegate.h */ = {isa = PBXFileReference; lastKnownFileType = sourcecode.c.h; name = AppDelegate.h; path = ../AppDelegate.h; sourceTree = "<group>"; };
		C18AB16E1D90D09F0086407F /* AppDelegate.m */ = {isa = PBXFileReference; lastKnownFileType = sourcecode.c.objc; name = AppDelegate.m; path = ../AppDelegate.m; sourceTree = "<group>"; };
		C18AB1701D90D09F0086407F /* ViewController.h */ = {isa = PBXFileReference; lastKnownFileType = sourcecode.c.h; name = ViewController.h; path = ../ViewController.h; sourceTree = "<group>"; };
		C18AB1711D90D09F0086407F /* ViewController.m */ = {isa = PBXFileReference; lastKnownFileType = sourcecode.c.objc; name = ViewController.m; path = ../ViewController.m; sourceTree = "<group>"; };
		C18AB1741D90D09F0086407F /* Base */ = {isa = PBXFileReference; lastKnownFileType = file.storyboard; name = Base; path = Base.lproj/Main.storyboard; sourceTree = "<group>"; };
		C18AB1761D90D09F0086407F /* Assets.xcassets */ = {isa = PBXFileReference; lastKnownFileType = folder.assetcatalog; name = Assets.xcassets; path = ../Assets.xcassets; sourceTree = "<group>"; };
		C18AB1791D90D09F0086407F /* Base */ = {isa = PBXFileReference; lastKnownFileType = file.storyboard; name = Base; path = Base.lproj/LaunchScreen.storyboard; sourceTree = "<group>"; };
		C18AB17B1D90D09F0086407F /* Info.plist */ = {isa = PBXFileReference; lastKnownFileType = text.plist.xml; name = Info.plist; path = ../Info.plist; sourceTree = "<group>"; };
		C18AB1841D90D15B0086407F /* ReBaseView.h */ = {isa = PBXFileReference; fileEncoding = 4; lastKnownFileType = sourcecode.c.h; path = ReBaseView.h; sourceTree = "<group>"; };
		C18AB1851D90D15B0086407F /* ReBaseView.m */ = {isa = PBXFileReference; fileEncoding = 4; lastKnownFileType = sourcecode.c.objc; path = ReBaseView.m; sourceTree = "<group>"; };
		C18AB1871D90D1680086407F /* ReBaseViewController.h */ = {isa = PBXFileReference; fileEncoding = 4; lastKnownFileType = sourcecode.c.h; path = ReBaseViewController.h; sourceTree = "<group>"; };
		C18AB1881D90D1680086407F /* ReBaseViewController.m */ = {isa = PBXFileReference; fileEncoding = 4; lastKnownFileType = sourcecode.c.objc; path = ReBaseViewController.m; sourceTree = "<group>"; };
		C18AB18A1D90D1790086407F /* ReBlockView.h */ = {isa = PBXFileReference; fileEncoding = 4; lastKnownFileType = sourcecode.c.h; path = ReBlockView.h; sourceTree = "<group>"; };
		C18AB18B1D90D1790086407F /* ReBlockView.m */ = {isa = PBXFileReference; fileEncoding = 4; lastKnownFileType = sourcecode.c.objc; path = ReBlockView.m; sourceTree = "<group>"; };
		C1F1EEAD1D936B5C002D7DCD /* ReRunViewController.h */ = {isa = PBXFileReference; fileEncoding = 4; lastKnownFileType = sourcecode.c.h; path = ReRunViewController.h; sourceTree = "<group>"; };
		C1F1EEAE1D936B5C002D7DCD /* ReRunViewController.m */ = {isa = PBXFileReference; fileEncoding = 4; lastKnownFileType = sourcecode.c.objc; path = ReRunViewController.m; sourceTree = "<group>"; };
/* End PBXFileReference section */

/* Begin PBXFrameworksBuildPhase section */
		C18AB1641D90D09F0086407F /* Frameworks */ = {
			isa = PBXFrameworksBuildPhase;
			buildActionMask = 2147483647;
			files = (
			);
			runOnlyForDeploymentPostprocessing = 0;
		};
/* End PBXFrameworksBuildPhase section */

/* Begin PBXGroup section */
		C18AB15E1D90D09F0086407F = {
			isa = PBXGroup;
			children = (
				C18AB1691D90D09F0086407F /* ReFraction */,
				C18AB1681D90D09F0086407F /* Products */,
			);
			sourceTree = "<group>";
		};
		C18AB1681D90D09F0086407F /* Products */ = {
			isa = PBXGroup;
			children = (
				C18AB1671D90D09F0086407F /* ReFraction.app */,
			);
			name = Products;
			sourceTree = "<group>";
		};
		C18AB1691D90D09F0086407F /* ReFraction */ = {
			isa = PBXGroup;
			children = (
				C18AB1811D90D0F20086407F /* ReControls */,
				C18AB1821D90D0F20086407F /* ReViewControllers */,
				C18AB1831D90D0F20086407F /* ReViews */,
				C18AB16A1D90D09F0086407F /* Supporting Files */,
			);
			path = ReFraction;
			sourceTree = "<group>";
		};
		C18AB16A1D90D09F0086407F /* Supporting Files */ = {
			isa = PBXGroup;
			children = (
				C18AB16B1D90D09F0086407F /* main.m */,
			);
			name = "Supporting Files";
			sourceTree = "<group>";
		};
		C18AB1811D90D0F20086407F /* ReControls */ = {
			isa = PBXGroup;
			children = (
				C18AB16D1D90D09F0086407F /* AppDelegate.h */,
				C18AB16E1D90D09F0086407F /* AppDelegate.m */,
				C18AB1701D90D09F0086407F /* ViewController.h */,
				C18AB1711D90D09F0086407F /* ViewController.m */,
				C18AB1731D90D09F0086407F /* Main.storyboard */,
				C18AB1761D90D09F0086407F /* Assets.xcassets */,
				C18AB1781D90D09F0086407F /* LaunchScreen.storyboard */,
				C18AB17B1D90D09F0086407F /* Info.plist */,
			);
			path = ReControls;
			sourceTree = "<group>";
		};
		C18AB1821D90D0F20086407F /* ReViewControllers */ = {
			isa = PBXGroup;
			children = (
				C18AB1871D90D1680086407F /* ReBaseViewController.h */,
				C18AB1881D90D1680086407F /* ReBaseViewController.m */,
				C1F1EEAD1D936B5C002D7DCD /* ReRunViewController.h */,
				C1F1EEAE1D936B5C002D7DCD /* ReRunViewController.m */,
			);
			path = ReViewControllers;
			sourceTree = "<group>";
		};
		C18AB1831D90D0F20086407F /* ReViews */ = {
			isa = PBXGroup;
			children = (
				C18AB1841D90D15B0086407F /* ReBaseView.h */,
				C18AB1851D90D15B0086407F /* ReBaseView.m */,
				C18AB18A1D90D1790086407F /* ReBlockView.h */,
				C18AB18B1D90D1790086407F /* ReBlockView.m */,
				C12C53FB1D910AC900077CAE /* ReContainerView.h */,
				C12C53FC1D910AC900077CAE /* ReContainerView.m */,
			);
			path = ReViews;
			sourceTree = "<group>";
		};
/* End PBXGroup section */

/* Begin PBXNativeTarget section */
		C18AB1661D90D09F0086407F /* ReFraction */ = {
			isa = PBXNativeTarget;
			buildConfigurationList = C18AB17E1D90D09F0086407F /* Build configuration list for PBXNativeTarget "ReFraction" */;
			buildPhases = (
				C18AB1631D90D09F0086407F /* Sources */,
				C18AB1641D90D09F0086407F /* Frameworks */,
				C18AB1651D90D09F0086407F /* Resources */,
			);
			buildRules = (
			);
			dependencies = (
			);
			name = ReFraction;
			productName = ReFraction;
			productReference = C18AB1671D90D09F0086407F /* ReFraction.app */;
			productType = "com.apple.product-type.application";
		};
/* End PBXNativeTarget section */

/* Begin PBXProject section */
		C18AB15F1D90D09F0086407F /* Project object */ = {
			isa = PBXProject;
			attributes = {
				LastUpgradeCheck = 0800;
				ORGANIZATIONNAME = RogueAndy;
				TargetAttributes = {
					C18AB1661D90D09F0086407F = {
						CreatedOnToolsVersion = 8.0;
						DevelopmentTeam = ZBB923YFHM;
						ProvisioningStyle = Automatic;
					};
				};
			};
			buildConfigurationList = C18AB1621D90D09F0086407F /* Build configuration list for PBXProject "ReFraction" */;
			compatibilityVersion = "Xcode 3.2";
			developmentRegion = English;
			hasScannedForEncodings = 0;
			knownRegions = (
				en,
				Base,
			);
			mainGroup = C18AB15E1D90D09F0086407F;
			productRefGroup = C18AB1681D90D09F0086407F /* Products */;
			projectDirPath = "";
			projectRoot = "";
			targets = (
				C18AB1661D90D09F0086407F /* ReFraction */,
			);
		};
/* End PBXProject section */

/* Begin PBXResourcesBuildPhase section */
		C18AB1651D90D09F0086407F /* Resources */ = {
			isa = PBXResourcesBuildPhase;
			buildActionMask = 2147483647;
			files = (
				C18AB17A1D90D09F0086407F /* LaunchScreen.storyboard in Resources */,
				C18AB1771D90D09F0086407F /* Assets.xcassets in Resources */,
				C18AB1751D90D09F0086407F /* Main.storyboard in Resources */,
			);
			runOnlyForDeploymentPostprocessing = 0;
		};
/* End PBXResourcesBuildPhase section */

/* Begin PBXSourcesBuildPhase section */
		C18AB1631D90D09F0086407F /* Sources */ = {
			isa = PBXSourcesBuildPhase;
			buildActionMask = 2147483647;
			files = (
				C18AB1861D90D15B0086407F /* ReBaseView.m in Sources */,
				C18AB18C1D90D1790086407F /* ReBlockView.m in Sources */,
				C12C53FD1D910AC900077CAE /* ReContainerView.m in Sources */,
				C1F1EEAF1D936B5C002D7DCD /* ReRunViewController.m in Sources */,
				C18AB1721D90D09F0086407F /* ViewController.m in Sources */,
				C18AB16F1D90D09F0086407F /* AppDelegate.m in Sources */,
				C18AB1891D90D1680086407F /* ReBaseViewController.m in Sources */,
				C18AB16C1D90D09F0086407F /* main.m in Sources */,
			);
			runOnlyForDeploymentPostprocessing = 0;
		};
/* End PBXSourcesBuildPhase section */

/* Begin PBXVariantGroup section */
		C18AB1731D90D09F0086407F /* Main.storyboard */ = {
			isa = PBXVariantGroup;
			children = (
				C18AB1741D90D09F0086407F /* Base */,
			);
			name = Main.storyboard;
			path = ..;
			sourceTree = "<group>";
		};
		C18AB1781D90D09F0086407F /* LaunchScreen.storyboard */ = {
			isa = PBXVariantGroup;
			children = (
				C18AB1791D90D09F0086407F /* Base */,
			);
			name = LaunchScreen.storyboard;
			path = ..;
			sourceTree = "<group>";
		};
/* End PBXVariantGroup section */

/* Begin XCBuildConfiguration section */
		C18AB17C1D90D09F0086407F /* Debug */ = {
			isa = XCBuildConfiguration;
			buildSettings = {
				ALWAYS_SEARCH_USER_PATHS = NO;
				CLANG_ANALYZER_NONNULL = YES;
				CLANG_CXX_LANGUAGE_STANDARD = "gnu++0x";
				CLANG_CXX_LIBRARY = "libc++";
				CLANG_ENABLE_MODULES = YES;
				CLANG_ENABLE_OBJC_ARC = YES;
				CLANG_WARN_BOOL_CONVERSION = YES;
				CLANG_WARN_CONSTANT_CONVERSION = YES;
				CLANG_WARN_DIRECT_OBJC_ISA_USAGE = YES_ERROR;
				CLANG_WARN_DOCUMENTATION_COMMENTS = YES;
				CLANG_WARN_EMPTY_BODY = YES;
				CLANG_WARN_ENUM_CONVERSION = YES;
				CLANG_WARN_INFINITE_RECURSION = YES;
				CLANG_WARN_INT_CONVERSION = YES;
				CLANG_WARN_OBJC_ROOT_CLASS = YES_ERROR;
				CLANG_WARN_SUSPICIOUS_MOVES = YES;
				CLANG_WARN_UNREACHABLE_CODE = YES;
				CLANG_WARN__DUPLICATE_METHOD_MATCH = YES;
				"CODE_SIGN_IDENTITY[sdk=iphoneos*]" = "iPhone Developer";
				COPY_PHASE_STRIP = NO;
				DEBUG_INFORMATION_FORMAT = dwarf;
				ENABLE_STRICT_OBJC_MSGSEND = YES;
				ENABLE_TESTABILITY = YES;
				GCC_C_LANGUAGE_STANDARD = gnu99;
				GCC_DYNAMIC_NO_PIC = NO;
				GCC_NO_COMMON_BLOCKS = YES;
				GCC_OPTIMIZATION_LEVEL = 0;
				GCC_PREPROCESSOR_DEFINITIONS = (
					"DEBUG=1",
					"$(inherited)",
				);
				GCC_WARN_64_TO_32_BIT_CONVERSION = YES;
				GCC_WARN_ABOUT_RETURN_TYPE = YES_ERROR;
				GCC_WARN_UNDECLARED_SELECTOR = YES;
				GCC_WARN_UNINITIALIZED_AUTOS = YES_AGGRESSIVE;
				GCC_WARN_UNUSED_FUNCTION = YES;
				GCC_WARN_UNUSED_VARIABLE = YES;
				IPHONEOS_DEPLOYMENT_TARGET = 10.0;
				MTL_ENABLE_DEBUG_INFO = YES;
				ONLY_ACTIVE_ARCH = YES;
				SDKROOT = iphoneos;
				TARGETED_DEVICE_FAMILY = "1,2";
			};
			name = Debug;
		};
		C18AB17D1D90D09F0086407F /* Release */ = {
			isa = XCBuildConfiguration;
			buildSettings = {
				ALWAYS_SEARCH_USER_PATHS = NO;
				CLANG_ANALYZER_NONNULL = YES;
				CLANG_CXX_LANGUAGE_STANDARD = "gnu++0x";
				CLANG_CXX_LIBRARY = "libc++";
				CLANG_ENABLE_MODULES = YES;
				CLANG_ENABLE_OBJC_ARC = YES;
				CLANG_WARN_BOOL_CONVERSION = YES;
				CLANG_WARN_CONSTANT_CONVERSION = YES;
				CLANG_WARN_DIRECT_OBJC_ISA_USAGE = YES_ERROR;
				CLANG_WARN_DOCUMENTATION_COMMENTS = YES;
				CLANG_WARN_EMPTY_BODY = YES;
				CLANG_WARN_ENUM_CONVERSION = YES;
				CLANG_WARN_INFINITE_RECURSION = YES;
				CLANG_WARN_INT_CONVERSION = YES;
				CLANG_WARN_OBJC_ROOT_CLASS = YES_ERROR;
				CLANG_WARN_SUSPICIOUS_MOVES = YES;
				CLANG_WARN_UNREACHABLE_CODE = YES;
				CLANG_WARN__DUPLICATE_METHOD_MATCH = YES;
				"CODE_SIGN_IDENTITY[sdk=iphoneos*]" = "iPhone Developer";
				COPY_PHASE_STRIP = NO;
				DEBUG_INFORMATION_FORMAT = "dwarf-with-dsym";
				ENABLE_NS_ASSERTIONS = NO;
				ENABLE_STRICT_OBJC_MSGSEND = YES;
				GCC_C_LANGUAGE_STANDARD = gnu99;
				GCC_NO_COMMON_BLOCKS = YES;
				GCC_WARN_64_TO_32_BIT_CONVERSION = YES;
				GCC_WARN_ABOUT_RETURN_TYPE = YES_ERROR;
				GCC_WARN_UNDECLARED_SELECTOR = YES;
				GCC_WARN_UNINITIALIZED_AUTOS = YES_AGGRESSIVE;
				GCC_WARN_UNUSED_FUNCTION = YES;
				GCC_WARN_UNUSED_VARIABLE = YES;
				IPHONEOS_DEPLOYMENT_TARGET = 10.0;
				MTL_ENABLE_DEBUG_INFO = NO;
				SDKROOT = iphoneos;
				TARGETED_DEVICE_FAMILY = "1,2";
				VALIDATE_PRODUCT = YES;
			};
			name = Release;
		};
		C18AB17F1D90D09F0086407F /* Debug */ = {
			isa = XCBuildConfiguration;
			buildSettings = {
				ASSETCATALOG_COMPILER_APPICON_NAME = AppIcon;
				DEVELOPMENT_TEAM = ZBB923YFHM;
				INFOPLIST_FILE = ReFraction/Info.plist;
				LD_RUNPATH_SEARCH_PATHS = "$(inherited) @executable_path/Frameworks";
				PRODUCT_BUNDLE_IDENTIFIER = com.rogue.andy.ReFraction;
				PRODUCT_NAME = "$(TARGET_NAME)";
			};
			name = Debug;
		};
		C18AB1801D90D09F0086407F /* Release */ = {
			isa = XCBuildConfiguration;
			buildSettings = {
				ASSETCATALOG_COMPILER_APPICON_NAME = AppIcon;
				DEVELOPMENT_TEAM = ZBB923YFHM;
				INFOPLIST_FILE = ReFraction/Info.plist;
				LD_RUNPATH_SEARCH_PATHS = "$(inherited) @executable_path/Frameworks";
				PRODUCT_BUNDLE_IDENTIFIER = com.rogue.andy.ReFraction;
				PRODUCT_NAME = "$(TARGET_NAME)";
			};
			name = Release;
		};
/* End XCBuildConfiguration section */

/* Begin XCConfigurationList section */
		C18AB1621D90D09F0086407F /* Build configuration list for PBXProject "ReFraction" */ = {
			isa = XCConfigurationList;
			buildConfigurations = (
				C18AB17C1D90D09F0086407F /* Debug */,
				C18AB17D1D90D09F0086407F /* Release */,
			);
			defaultConfigurationIsVisible = 0;
			defaultConfigurationName = Release;
		};
		C18AB17E1D90D09F0086407F /* Build configuration list for PBXNativeTarget "ReFraction" */ = {
			isa = XCConfigurationList;
			buildConfigurations = (
				C18AB17F1D90D09F0086407F /* Debug */,
				C18AB1801D90D09F0086407F /* Release */,
			);
			defaultConfigurationIsVisible = 0;
			defaultConfigurationName = Release;
		};
/* End XCConfigurationList section */
	};
	rootObject = C18AB15F1D90D09F0086407F /* Project object */;
}
